{
  "name": "bubugao",
  "version": "1.0.0",
  "lockfileVersion": 1,
  "requires": true,
  "dependencies": {
    "vue-axios": {
      "version": "2.1.4",
      "resolved": "http://registry.npm.taobao.org/vue-axios/download/vue-axios-2.1.4.tgz",
      "integrity": "sha1-qdKY9+h2+ah/6zNrN63LzjT/n58="
    }
  }
}
